// !$*UTF8*$!
{
	archiveVersion = 1;
	classes = {
	};
	objectVersion = 50;
	objects = {

/* Begin PBXBuildFile section */
		08470D3C24B2C38200E72473 /* AppDelegate.swift in Sources */ = {isa = PBXBuildFile; fileRef = 08470D3B24B2C38200E72473 /* AppDelegate.swift */; };
		08470D3E24B2C38200E72473 /* SceneDelegate.swift in Sources */ = {isa = PBXBuildFile; fileRef = 08470D3D24B2C38200E72473 /* SceneDelegate.swift */; };
		08470D4024B2C38200E72473 /* ViewController.swift in Sources */ = {isa = PBXBuildFile; fileRef = 08470D3F24B2C38200E72473 /* ViewController.swift */; };
		08470D4324B2C38200E72473 /* Main.storyboard in Resources */ = {isa = PBXBuildFile; fileRef = 08470D4124B2C38200E72473 /* Main.storyboard */; };
		08470D4524B2C39500E72473 /* Assets.xcassets in Resources */ = {isa = PBXBuildFile; fileRef = 08470D4424B2C39500E72473 /* Assets.xcassets */; };
		08470D4824B2C39500E72473 /* LaunchScreen.storyboard in Resources */ = {isa = PBXBuildFile; fileRef = 08470D4624B2C39500E72473 /* LaunchScreen.storyboard */; };
		08BAC58C24B3CA1500904BC4 /* WKWebViewRTC.framework in Frameworks */ = {isa = PBXBuildFile; fileRef = 08BAC58B24B3CA1500904BC4 /* WKWebViewRTC.framework */; };
		08BAC58D24B3CA1500904BC4 /* WKWebViewRTC.framework in Embed Frameworks */ = {isa = PBXBuildFile; fileRef = 08BAC58B24B3CA1500904BC4 /* WKWebViewRTC.framework */; settings = {ATTRIBUTES = (CodeSignOnCopy, RemoveHeadersOnCopy, ); }; };
		08BAC58F24B3CA1F00904BC4 /* WebRTC.framework in Frameworks */ = {isa = PBXBuildFile; fileRef = 08BAC58E24B3CA1F00904BC4 /* WebRTC.framework */; };
		08BAC59024B3CA1F00904BC4 /* WebRTC.framework in Embed Frameworks */ = {isa = PBXBuildFile; fileRef = 08BAC58E24B3CA1F00904BC4 /* WebRTC.framework */; settings = {ATTRIBUTES = (CodeSignOnCopy, RemoveHeadersOnCopy, ); }; };
/* End PBXBuildFile section */

/* Begin PBXCopyFilesBuildPhase section */
		08ACE2A924B3790700818BAF /* Embed Frameworks */ = {
			isa = PBXCopyFilesBuildPhase;
			buildActionMask = 2147483647;
			dstPath = "";
			dstSubfolderSpec = 10;
			files = (
				08BAC58D24B3CA1500904BC4 /* WKWebViewRTC.framework in Embed Frameworks */,
				08BAC59024B3CA1F00904BC4 /* WebRTC.framework in Embed Frameworks */,
			);
			name = "Embed Frameworks";
			runOnlyForDeploymentPostprocessing = 0;
		};
/* End PBXCopyFilesBuildPhase section */

/* Begin PBXFileReference section */
		08470D3824B2C38200E72473 /* WKWebViewRTC.Sample.app */ = {isa = PBXFileReference; explicitFileType = wrapper.application; includeInIndex = 0; path = WKWebViewRTC.Sample.app; sourceTree = BUILT_PRODUCTS_DIR; };
		08470D3B24B2C38200E72473 /* AppDelegate.swift */ = {isa = PBXFileReference; lastKnownFileType = sourcecode.swift; path = AppDelegate.swift; sourceTree = "<group>"; };
		08470D3D24B2C38200E72473 /* SceneDelegate.swift */ = {isa = PBXFileReference; lastKnownFileType = sourcecode.swift; path = SceneDelegate.swift; sourceTree = "<group>"; };
		08470D3F24B2C38200E72473 /* ViewController.swift */ = {isa = PBXFileReference; lastKnownFileType = sourcecode.swift; path = ViewController.swift; sourceTree = "<group>"; };
		08470D4224B2C38200E72473 /* Base */ = {isa = PBXFileReference; lastKnownFileType = file.storyboard; name = Base; path = Base.lproj/Main.storyboard; sourceTree = "<group>"; };
		08470D4424B2C39500E72473 /* Assets.xcassets */ = {isa = PBXFileReference; lastKnownFileType = folder.assetcatalog; path = Assets.xcassets; sourceTree = "<group>"; };
		08470D4724B2C39500E72473 /* Base */ = {isa = PBXFileReference; lastKnownFileType = file.storyboard; name = Base; path = Base.lproj/LaunchScreen.storyboard; sourceTree = "<group>"; };
		08470D4924B2C39500E72473 /* Info.plist */ = {isa = PBXFileReference; lastKnownFileType = text.plist.xml; path = Info.plist; sourceTree = "<group>"; };
		08BAC58B24B3CA1500904BC4 /* WKWebViewRTC.framework */ = {isa = PBXFileReference; explicitFileType = wrapper.framework; path = WKWebViewRTC.framework; sourceTree = BUILT_PRODUCTS_DIR; };
		08BAC58E24B3CA1F00904BC4 /* WebRTC.framework */ = {isa = PBXFileReference; lastKnownFileType = wrapper.framework; name = WebRTC.framework; path = ../Frameworks/WebRTC.framework; sourceTree = "<group>"; };
/* End PBXFileReference section */

/* Begin PBXFrameworksBuildPhase section */
		08470D3524B2C38200E72473 /* Frameworks */ = {
			isa = PBXFrameworksBuildPhase;
			buildActionMask = 2147483647;
			files = (
				08BAC58C24B3CA1500904BC4 /* WKWebViewRTC.framework in Frameworks */,
				08BAC58F24B3CA1F00904BC4 /* WebRTC.framework in Frameworks */,
			);
			runOnlyForDeploymentPostprocessing = 0;
		};
/* End PBXFrameworksBuildPhase section */

/* Begin PBXGroup section */
		08470D2F24B2C38200E72473 = {
			isa = PBXGroup;
			children = (
				08470D3A24B2C38200E72473 /* WKWebViewRTC.Sample */,
				08470D3924B2C38200E72473 /* Products */,
				08470D5524B2C3DE00E72473 /* Frameworks */,
			);
			sourceTree = "<group>";
		};
		08470D3924B2C38200E72473 /* Products */ = {
			isa = PBXGroup;
			children = (
				08470D3824B2C38200E72473 /* WKWebViewRTC.Sample.app */,
			);
			name = Products;
			sourceTree = "<group>";
		};
		08470D3A24B2C38200E72473 /* WKWebViewRTC.Sample */ = {
			isa = PBXGroup;
			children = (
				08470D3B24B2C38200E72473 /* AppDelegate.swift */,
				08470D3D24B2C38200E72473 /* SceneDelegate.swift */,
				08470D3F24B2C38200E72473 /* ViewController.swift */,
				08470D4124B2C38200E72473 /* Main.storyboard */,
				08470D4424B2C39500E72473 /* Assets.xcassets */,
				08470D4624B2C39500E72473 /* LaunchScreen.storyboard */,
				08470D4924B2C39500E72473 /* Info.plist */,
			);
			path = WKWebViewRTC.Sample;
			sourceTree = "<group>";
		};
		08470D5524B2C3DE00E72473 /* Frameworks */ = {
			isa = PBXGroup;
			children = (
				08BAC58E24B3CA1F00904BC4 /* WebRTC.framework */,
				08BAC58B24B3CA1500904BC4 /* WKWebViewRTC.framework */,
			);
			name = Frameworks;
			sourceTree = "<group>";
		};
/* End PBXGroup section */

/* Begin PBXNativeTarget section */
		08470D3724B2C38200E72473 /* WKWebViewRTC.Sample */ = {
			isa = PBXNativeTarget;
			buildConfigurationList = 08470D4C24B2C39500E72473 /* Build configuration list for PBXNativeTarget "WKWebViewRTC.Sample" */;
			buildPhases = (
				08470D3424B2C38200E72473 /* Sources */,
				08470D3524B2C38200E72473 /* Frameworks */,
				08470D3624B2C38200E72473 /* Resources */,
				08ACE2A924B3790700818BAF /* Embed Frameworks */,
			);
			buildRules = (
			);
			dependencies = (
			);
			name = WKWebViewRTC.Sample;
			productName = WKWebViewRTC.Sample;
			productReference = 08470D3824B2C38200E72473 /* WKWebViewRTC.Sample.app */;
			productType = "com.apple.product-type.application";
		};
/* End PBXNativeTarget section */

/* Begin PBXProject section */
		08470D3024B2C38200E72473 /* Project object */ = {
			isa = PBXProject;
			attributes = {
				LastSwiftUpdateCheck = 1150;
				LastUpgradeCheck = 1150;
				ORGANIZATIONNAME = Pendulum;
				TargetAttributes = {
					08470D3724B2C38200E72473 = {
						CreatedOnToolsVersion = 11.5;
					};
				};
			};
			buildConfigurationList = 08470D3324B2C38200E72473 /* Build configuration list for PBXProject "WKWebViewRTC.Sample" */;
			compatibilityVersion = "Xcode 9.3";
			developmentRegion = en;
			hasScannedForEncodings = 0;
			knownRegions = (
				en,
				Base,
			);
			mainGroup = 08470D2F24B2C38200E72473;
			productRefGroup = 08470D3924B2C38200E72473 /* Products */;
			projectDirPath = "";
			projectRoot = "";
			targets = (
				08470D3724B2C38200E72473 /* WKWebViewRTC.Sample */,
			);
		};
/* End PBXProject section */

/* Begin PBXResourcesBuildPhase section */
		08470D3624B2C38200E72473 /* Resources */ = {
			isa = PBXResourcesBuildPhase;
			buildActionMask = 2147483647;
			files = (
				08470D4824B2C39500E72473 /* LaunchScreen.storyboard in Resources */,
				08470D4524B2C39500E72473 /* Assets.xcassets in Resources */,
				08470D4324B2C38200E72473 /* Main.storyboard in Resources */,
			);
			runOnlyForDeploymentPostprocessing = 0;
		};
/* End PBXResourcesBuildPhase section */

/* Begin PBXSourcesBuildPhase section */
		08470D3424B2C38200E72473 /* Sources */ = {
			isa = PBXSourcesBuildPhase;
			buildActionMask = 2147483647;
			files = (
				08470D4024B2C38200E72473 /* ViewController.swift in Sources */,
				08470D3C24B2C38200E72473 /* AppDelegate.swift in Sources */,
				08470D3E24B2C38200E72473 /* SceneDelegate.swift in Sources */,
			);
			runOnlyForDeploymentPostprocessing = 0;
		};
/* End PBXSourcesBuildPhase section */

/* Begin PBXVariantGroup section */
		08470D4124B2C38200E72473 /* Main.storyboard */ = {
			isa = PBXVariantGroup;
			children = (
				08470D4224B2C38200E72473 /* Base */,
			);
			name = Main.storyboard;
			sourceTree = "<group>";
		};
		08470D4624B2C39500E72473 /* LaunchScreen.storyboard */ = {
			isa = PBXVariantGroup;
			children = (
				08470D4724B2C39500E72473 /* Base */,
			);
			name = LaunchScreen.storyboard;
			sourceTree = "<group>";
		};
/* End PBXVariantGroup section */

/* Begin XCBuildConfiguration section */
		08470D4A24B2C39500E72473 /* Debug */ = {
			isa = XCBuildConfiguration;
			buildSettings = {
				ALWAYS_SEARCH_USER_PATHS = NO;
				CLANG_ANALYZER_NONNULL = YES;
				CLANG_ANALYZER_NUMBER_OBJECT_CONVERSION = YES_AGGRESSIVE;
				CLANG_CXX_LANGUAGE_STANDARD = "gnu++14";
				CLANG_CXX_LIBRARY = "libc++";
				CLANG_ENABLE_MODULES = YES;
				CLANG_ENABLE_OBJC_ARC = YES;
				CLANG_ENABLE_OBJC_WEAK = YES;
				CLANG_WARN_BLOCK_CAPTURE_AUTORELEASING = YES;
				CLANG_WARN_BOOL_CONVERSION = YES;
				CLANG_WARN_COMMA = YES;
				CLANG_WARN_CONSTANT_CONVERSION = YES;
				CLANG_WARN_DEPRECATED_OBJC_IMPLEMENTATIONS = YES;
				CLANG_WARN_DIRECT_OBJC_ISA_USAGE = YES_ERROR;
				CLANG_WARN_DOCUMENTATION_COMMENTS = YES;
				CLANG_WARN_EMPTY_BODY = YES;
				CLANG_WARN_ENUM_CONVERSION = YES;
				CLANG_WARN_INFINITE_RECURSION = YES;
				CLANG_WARN_INT_CONVERSION = YES;
				CLANG_WARN_NON_LITERAL_NULL_CONVERSION = YES;
				CLANG_WARN_OBJC_IMPLICIT_RETAIN_SELF = YES;
				CLANG_WARN_OBJC_LITERAL_CONVERSION = YES;
				CLANG_WARN_OBJC_ROOT_CLASS = YES_ERROR;
				CLANG_WARN_RANGE_LOOP_ANALYSIS = YES;
				CLANG_WARN_STRICT_PROTOTYPES = YES;
				CLANG_WARN_SUSPICIOUS_MOVE = YES;
				CLANG_WARN_UNGUARDED_AVAILABILITY = YES_AGGRESSIVE;
				CLANG_WARN_UNREACHABLE_CODE = YES;
				CLANG_WARN__DUPLICATE_METHOD_MATCH = YES;
				COPY_PHASE_STRIP = NO;
				DEBUG_INFORMATION_FORMAT = dwarf;
				ENABLE_STRICT_OBJC_MSGSEND = YES;
				ENABLE_TESTABILITY = YES;
				GCC_C_LANGUAGE_STANDARD = gnu11;
				GCC_DYNAMIC_NO_PIC = NO;
				GCC_NO_COMMON_BLOCKS = YES;
				GCC_OPTIMIZATION_LEVEL = 0;
				GCC_PREPROCESSOR_DEFINITIONS = (
					"DEBUG=1",
					"$(inherited)",
				);
				GCC_WARN_64_TO_32_BIT_CONVERSION = YES;
				GCC_WARN_ABOUT_RETURN_TYPE = YES_ERROR;
				GCC_WARN_UNDECLARED_SELECTOR = YES;
				GCC_WARN_UNINITIALIZED_AUTOS = YES_AGGRESSIVE;
				GCC_WARN_UNUSED_FUNCTION = YES;
				GCC_WARN_UNUSED_VARIABLE = YES;
				IPHONEOS_DEPLOYMENT_TARGET = 13.5;
				MTL_ENABLE_DEBUG_INFO = INCLUDE_SOURCE;
				MTL_FAST_MATH = YES;
				ONLY_ACTIVE_ARCH = YES;
				SDKROOT = iphoneos;
				SWIFT_ACTIVE_COMPILATION_CONDITIONS = DEBUG;
				SWIFT_OPTIMIZATION_LEVEL = "-Onone";
			};
			name = Debug;
		};
		08470D4B24B2C39500E72473 /* Release */ = {
			isa = XCBuildConfiguration;
			buildSettings = {
				ALWAYS_SEARCH_USER_PATHS = NO;
				CLANG_ANALYZER_NONNULL = YES;
				CLANG_ANALYZER_NUMBER_OBJECT_CONVERSION = YES_AGGRESSIVE;
				CLANG_CXX_LANGUAGE_STANDARD = "gnu++14";
				CLANG_CXX_LIBRARY = "libc++";
				CLANG_ENABLE_MODULES = YES;
				CLANG_ENABLE_OBJC_ARC = YES;
				CLANG_ENABLE_OBJC_WEAK = YES;
				CLANG_WARN_BLOCK_CAPTURE_AUTORELEASING = YES;
				CLANG_WARN_BOOL_CONVERSION = YES;
				CLANG_WARN_COMMA = YES;
				CLANG_WARN_CONSTANT_CONVERSION = YES;
				CLANG_WARN_DEPRECATED_OBJC_IMPLEMENTATIONS = YES;
				CLANG_WARN_DIRECT_OBJC_ISA_USAGE = YES_ERROR;
				CLANG_WARN_DOCUMENTATION_COMMENTS = YES;
				CLANG_WARN_EMPTY_BODY = YES;
				CLANG_WARN_ENUM_CONVERSION = YES;
				CLANG_WARN_INFINITE_RECURSION = YES;
				CLANG_WARN_INT_CONVERSION = YES;
				CLANG_WARN_NON_LITERAL_NULL_CONVERSION = YES;
				CLANG_WARN_OBJC_IMPLICIT_RETAIN_SELF = YES;
				CLANG_WARN_OBJC_LITERAL_CONVERSION = YES;
				CLANG_WARN_OBJC_ROOT_CLASS = YES_ERROR;
				CLANG_WARN_RANGE_LOOP_ANALYSIS = YES;
				CLANG_WARN_STRICT_PROTOTYPES = YES;
				CLANG_WARN_SUSPICIOUS_MOVE = YES;
				CLANG_WARN_UNGUARDED_AVAILABILITY = YES_AGGRESSIVE;
				CLANG_WARN_UNREACHABLE_CODE = YES;
				CLANG_WARN__DUPLICATE_METHOD_MATCH = YES;
				COPY_PHASE_STRIP = NO;
				DEBUG_INFORMATION_FORMAT = "dwarf-with-dsym";
				ENABLE_NS_ASSERTIONS = NO;
				ENABLE_STRICT_OBJC_MSGSEND = YES;
				GCC_C_LANGUAGE_STANDARD = gnu11;
				GCC_NO_COMMON_BLOCKS = YES;
				GCC_WARN_64_TO_32_BIT_CONVERSION = YES;
				GCC_WARN_ABOUT_RETURN_TYPE = YES_ERROR;
				GCC_WARN_UNDECLARED_SELECTOR = YES;
				GCC_WARN_UNINITIALIZED_AUTOS = YES_AGGRESSIVE;
				GCC_WARN_UNUSED_FUNCTION = YES;
				GCC_WARN_UNUSED_VARIABLE = YES;
				IPHONEOS_DEPLOYMENT_TARGET = 13.5;
				MTL_ENABLE_DEBUG_INFO = NO;
				MTL_FAST_MATH = YES;
				SDKROOT = iphoneos;
				SWIFT_COMPILATION_MODE = wholemodule;
				SWIFT_OPTIMIZATION_LEVEL = "-O";
				VALIDATE_PRODUCT = YES;
			};
			name = Release;
		};
		08470D4D24B2C39500E72473 /* Debug */ = {
			isa = XCBuildConfiguration;
			buildSettings = {
				ASSETCATALOG_COMPILER_APPICON_NAME = AppIcon;
				CODE_SIGN_IDENTITY = "Apple Development";
				CODE_SIGN_STYLE = Automatic;
				DEVELOPMENT_TEAM = "";
				ENABLE_BITCODE = NO;
				FRAMEWORK_SEARCH_PATHS = "$(PROJECT_DIR)/../Frameworks";
				INFOPLIST_FILE = WKWebViewRTC.Sample/Info.plist;
				IPHONEOS_DEPLOYMENT_TARGET = 12.0;
				LD_RUNPATH_SEARCH_PATHS = (
					"$(inherited)",
					"@executable_path/Frameworks",
				);
				PRODUCT_BUNDLE_IDENTIFIER = "com.just.WKWebViewRTC-sample";
				PRODUCT_NAME = "$(TARGET_NAME)";
				PROVISIONING_PROFILE_SPECIFIER = "";
				SWIFT_VERSION = 5.0;
				TARGETED_DEVICE_FAMILY = "1,2";
			};
			name = Debug;
		};
		08470D4E24B2C39500E72473 /* Release */ = {
			isa = XCBuildConfiguration;
			buildSettings = {
				ASSETCATALOG_COMPILER_APPICON_NAME = AppIcon;
				CODE_SIGN_IDENTITY = "Apple Development";
				CODE_SIGN_STYLE = Automatic;
				DEVELOPMENT_TEAM = "";
				ENABLE_BITCODE = NO;
				FRAMEWORK_SEARCH_PATHS = "$(PROJECT_DIR)/../Frameworks";
				INFOPLIST_FILE = WKWebViewRTC.Sample/Info.plist;
				IPHONEOS_DEPLOYMENT_TARGET = 12.0;
				LD_RUNPATH_SEARCH_PATHS = (
					"$(inherited)",
					"@executable_path/Frameworks",
				);
				PRODUCT_BUNDLE_IDENTIFIER = "com.just.WKWebViewRTC-sample";
				PRODUCT_NAME = "$(TARGET_NAME)";
				PROVISIONING_PROFILE_SPECIFIER = "";
				SWIFT_VERSION = 5.0;
				TARGETED_DEVICE_FAMILY = "1,2";
			};
			name = Release;
		};
/* End XCBuildConfiguration section */

/* Begin XCConfigurationList section */
		08470D3324B2C38200E72473 /* Build configuration list for PBXProject "WKWebViewRTC.Sample" */ = {
			isa = XCConfigurationList;
			buildConfigurations = (
				08470D4A24B2C39500E72473 /* Debug */,
				08470D4B24B2C39500E72473 /* Release */,
			);
			defaultConfigurationIsVisible = 0;
			defaultConfigurationName = Release;
		};
		08470D4C24B2C39500E72473 /* Build configuration list for PBXNativeTarget "WKWebViewRTC.Sample" */ = {
			isa = XCConfigurationList;
			buildConfigurations = (
				08470D4D24B2C39500E72473 /* Debug */,
				08470D4E24B2C39500E72473 /* Release */,
			);
			defaultConfigurationIsVisible = 0;
			defaultConfigurationName = Release;
		};
/* End XCConfigurationList section */
	};
	rootObject = 08470D3024B2C38200E72473 /* Project object */;
}
